
Microsoft Visual Studio Solution File, Format Version 12.00
# Visual Studio 15
VisualStudioVersion = 15.0.28307.1169
MinimumVisualStudioVersion = 10.0.40219.1
Project("{FAE04EC0-301F-11D3-BF4B-00C04F79EFBC}") = "Excel2Lua", "Excel2Lua\Excel2Lua.csproj", "{55742A04-D1F0-4D54-AAAC-08D53BAE453C}"
EndProject
Global
	GlobalSection(SolutionConfigurationPlatforms) = preSolution
		Debug|Any CPU = Debug|Any CPU
		Release|Any CPU = Release|Any CPU
	EndGlobalSection
	GlobalSection(ProjectConfigurationPlatforms) = postSolution
		{55742A04-D1F0-4D54-AAAC-08D53BAE453C}.Debug|Any CPU.ActiveCfg = Release|Any CPU
		{55742A04-D1F0-4D54-AAAC-08D53BAE453C}.Debug|Any CPU.Build.0 = Release|Any CPU
		{55742A04-D1F0-4D54-AAAC-08D53BAE453C}.Release|Any CPU.ActiveCfg = Release|Any CPU
		{55742A04-D1F0-4D54-AAAC-08D53BAE453C}.Release|Any CPU.Build.0 = Release|Any CPU
	EndGlobalSection
	GlobalSection(SolutionProperties) = preSolution
		HideSolutionNode = FALSE
	EndGlobalSection
	GlobalSection(ExtensibilityGlobals) = postSolution
		SolutionGuid = {6F6EEE3B-E515-41F6-91D5-D0426C7455CF}
	EndGlobalSection
EndGlobal
